// !$*UTF8*$!
{
	archiveVersion = 1;
	classes = {
	};
	objectVersion = 48;
	objects = {

/* Begin PBXBuildFile section */
		2F7F4B5F1F98A8BE00186FE2 /* AppDelegate.m in Sources */ = {isa = PBXBuildFile; fileRef = 2F7F4B5E1F98A8BE00186FE2 /* AppDelegate.m */; };
		2F7F4B621F98A8BE00186FE2 /* ViewController.m in Sources */ = {isa = PBXBuildFile; fileRef = 2F7F4B611F98A8BE00186FE2 /* ViewController.m */; };
		2F7F4B651F98A8BE00186FE2 /* Main.storyboard in Resources */ = {isa = PBXBuildFile; fileRef = 2F7F4B631F98A8BE00186FE2 /* Main.storyboard */; };
		2F7F4B671F98A8BE00186FE2 /* Assets.xcassets in Resources */ = {isa = PBXBuildFile; fileRef = 2F7F4B661F98A8BE00186FE2 /* Assets.xcassets */; };
		2F7F4B6A1F98A8BE00186FE2 /* LaunchScreen.storyboard in Resources */ = {isa = PBXBuildFile; fileRef = 2F7F4B681F98A8BE00186FE2 /* LaunchScreen.storyboard */; };
		2F7F4B6D1F98A8BE00186FE2 /* main.m in Sources */ = {isa = PBXBuildFile; fileRef = 2F7F4B6C1F98A8BE00186FE2 /* main.m */; };
		2F7F4B991F98A8EB00186FE2 /* YCPhotoAssetCell.m in Sources */ = {isa = PBXBuildFile; fileRef = 2F7F4B7E1F98A8EB00186FE2 /* YCPhotoAssetCell.m */; };
		2F7F4B9A1F98A8EB00186FE2 /* YCPhotoAssetCell.xib in Resources */ = {isa = PBXBuildFile; fileRef = 2F7F4B7F1F98A8EB00186FE2 /* YCPhotoAssetCell.xib */; };
		2F7F4B9B1F98A8EB00186FE2 /* YCPhotoAssetFooterView.m in Sources */ = {isa = PBXBuildFile; fileRef = 2F7F4B811F98A8EB00186FE2 /* YCPhotoAssetFooterView.m */; };
		2F7F4B9C1F98A8EB00186FE2 /* YCPhotoAssetFooterView.xib in Resources */ = {isa = PBXBuildFile; fileRef = 2F7F4B821F98A8EB00186FE2 /* YCPhotoAssetFooterView.xib */; };
		2F7F4B9D1F98A8EB00186FE2 /* YCPhotoAssetModel.m in Sources */ = {isa = PBXBuildFile; fileRef = 2F7F4B841F98A8EB00186FE2 /* YCPhotoAssetModel.m */; };
		2F7F4B9E1F98A8EB00186FE2 /* YCPhotoAssetVC.m in Sources */ = {isa = PBXBuildFile; fileRef = 2F7F4B861F98A8EB00186FE2 /* YCPhotoAssetVC.m */; };
		2F7F4B9F1F98A8EB00186FE2 /* YCPhotoAssetVC.xib in Resources */ = {isa = PBXBuildFile; fileRef = 2F7F4B871F98A8EB00186FE2 /* YCPhotoAssetVC.xib */; };
		2F7F4BA01F98A8EB00186FE2 /* YC_PhotoSelector_Checked@2x.png in Resources */ = {isa = PBXBuildFile; fileRef = 2F7F4B8A1F98A8EB00186FE2 /* YC_PhotoSelector_Checked@2x.png */; };
		2F7F4BA11F98A8EB00186FE2 /* YC_PhotoSelector_Video@2x.png in Resources */ = {isa = PBXBuildFile; fileRef = 2F7F4B8B1F98A8EB00186FE2 /* YC_PhotoSelector_Video@2x.png */; };
		2F7F4BA21F98A8EB00186FE2 /* YCPhotoSelectorCell.m in Sources */ = {isa = PBXBuildFile; fileRef = 2F7F4B8E1F98A8EB00186FE2 /* YCPhotoSelectorCell.m */; };
		2F7F4BA31F98A8EB00186FE2 /* YCPhotoSelectorCell.xib in Resources */ = {isa = PBXBuildFile; fileRef = 2F7F4B8F1F98A8EB00186FE2 /* YCPhotoSelectorCell.xib */; };
		2F7F4BA41F98A8EB00186FE2 /* YCPhotoSelectorModel.m in Sources */ = {isa = PBXBuildFile; fileRef = 2F7F4B911F98A8EB00186FE2 /* YCPhotoSelectorModel.m */; };
		2F7F4BA51F98A8EB00186FE2 /* YCPhotoSelectorVC.m in Sources */ = {isa = PBXBuildFile; fileRef = 2F7F4B931F98A8EB00186FE2 /* YCPhotoSelectorVC.m */; };
		2F7F4BA61F98A8EB00186FE2 /* YCPhotoSelectorVC.xib in Resources */ = {isa = PBXBuildFile; fileRef = 2F7F4B941F98A8EB00186FE2 /* YCPhotoSelectorVC.xib */; };
/* End PBXBuildFile section */

/* Begin PBXFileReference section */
		2F7F4B5A1F98A8BE00186FE2 /* YCPhotoSelectorDemo-OC.app */ = {isa = PBXFileReference; explicitFileType = wrapper.application; includeInIndex = 0; path = "YCPhotoSelectorDemo-OC.app"; sourceTree = BUILT_PRODUCTS_DIR; };
		2F7F4B5D1F98A8BE00186FE2 /* AppDelegate.h */ = {isa = PBXFileReference; lastKnownFileType = sourcecode.c.h; path = AppDelegate.h; sourceTree = "<group>"; };
		2F7F4B5E1F98A8BE00186FE2 /* AppDelegate.m */ = {isa = PBXFileReference; lastKnownFileType = sourcecode.c.objc; path = AppDelegate.m; sourceTree = "<group>"; };
		2F7F4B601F98A8BE00186FE2 /* ViewController.h */ = {isa = PBXFileReference; lastKnownFileType = sourcecode.c.h; path = ViewController.h; sourceTree = "<group>"; };
		2F7F4B611F98A8BE00186FE2 /* ViewController.m */ = {isa = PBXFileReference; lastKnownFileType = sourcecode.c.objc; path = ViewController.m; sourceTree = "<group>"; };
		2F7F4B641F98A8BE00186FE2 /* Base */ = {isa = PBXFileReference; lastKnownFileType = file.storyboard; name = Base; path = Base.lproj/Main.storyboard; sourceTree = "<group>"; };
		2F7F4B661F98A8BE00186FE2 /* Assets.xcassets */ = {isa = PBXFileReference; lastKnownFileType = folder.assetcatalog; path = Assets.xcassets; sourceTree = "<group>"; };
		2F7F4B691F98A8BE00186FE2 /* Base */ = {isa = PBXFileReference; lastKnownFileType = file.storyboard; name = Base; path = Base.lproj/LaunchScreen.storyboard; sourceTree = "<group>"; };
		2F7F4B6B1F98A8BE00186FE2 /* Info.plist */ = {isa = PBXFileReference; lastKnownFileType = text.plist.xml; path = Info.plist; sourceTree = "<group>"; };
		2F7F4B6C1F98A8BE00186FE2 /* main.m */ = {isa = PBXFileReference; lastKnownFileType = sourcecode.c.objc; path = main.m; sourceTree = "<group>"; };
		2F7F4B7D1F98A8EB00186FE2 /* YCPhotoAssetCell.h */ = {isa = PBXFileReference; fileEncoding = 4; lastKnownFileType = sourcecode.c.h; path = YCPhotoAssetCell.h; sourceTree = "<group>"; };
		2F7F4B7E1F98A8EB00186FE2 /* YCPhotoAssetCell.m */ = {isa = PBXFileReference; fileEncoding = 4; lastKnownFileType = sourcecode.c.objc; path = YCPhotoAssetCell.m; sourceTree = "<group>"; };
		2F7F4B7F1F98A8EB00186FE2 /* YCPhotoAssetCell.xib */ = {isa = PBXFileReference; fileEncoding = 4; lastKnownFileType = file.xib; path = YCPhotoAssetCell.xib; sourceTree = "<group>"; };
		2F7F4B801F98A8EB00186FE2 /* YCPhotoAssetFooterView.h */ = {isa = PBXFileReference; fileEncoding = 4; lastKnownFileType = sourcecode.c.h; path = YCPhotoAssetFooterView.h; sourceTree = "<group>"; };
		2F7F4B811F98A8EB00186FE2 /* YCPhotoAssetFooterView.m */ = {isa = PBXFileReference; fileEncoding = 4; lastKnownFileType = sourcecode.c.objc; path = YCPhotoAssetFooterView.m; sourceTree = "<group>"; };
		2F7F4B821F98A8EB00186FE2 /* YCPhotoAssetFooterView.xib */ = {isa = PBXFileReference; fileEncoding = 4; lastKnownFileType = file.xib; path = YCPhotoAssetFooterView.xib; sourceTree = "<group>"; };
		2F7F4B831F98A8EB00186FE2 /* YCPhotoAssetModel.h */ = {isa = PBXFileReference; fileEncoding = 4; lastKnownFileType = sourcecode.c.h; path = YCPhotoAssetModel.h; sourceTree = "<group>"; };
		2F7F4B841F98A8EB00186FE2 /* YCPhotoAssetModel.m */ = {isa = PBXFileReference; fileEncoding = 4; lastKnownFileType = sourcecode.c.objc; path = YCPhotoAssetModel.m; sourceTree = "<group>"; };
		2F7F4B851F98A8EB00186FE2 /* YCPhotoAssetVC.h */ = {isa = PBXFileReference; fileEncoding = 4; lastKnownFileType = sourcecode.c.h; path = YCPhotoAssetVC.h; sourceTree = "<group>"; };
		2F7F4B861F98A8EB00186FE2 /* YCPhotoAssetVC.m */ = {isa = PBXFileReference; fileEncoding = 4; lastKnownFileType = sourcecode.c.objc; path = YCPhotoAssetVC.m; sourceTree = "<group>"; };
		2F7F4B871F98A8EB00186FE2 /* YCPhotoAssetVC.xib */ = {isa = PBXFileReference; fileEncoding = 4; lastKnownFileType = file.xib; path = YCPhotoAssetVC.xib; sourceTree = "<group>"; };
		2F7F4B8A1F98A8EB00186FE2 /* YC_PhotoSelector_Checked@2x.png */ = {isa = PBXFileReference; lastKnownFileType = image.png; path = "YC_PhotoSelector_Checked@2x.png"; sourceTree = "<group>"; };
		2F7F4B8B1F98A8EB00186FE2 /* YC_PhotoSelector_Video@2x.png */ = {isa = PBXFileReference; lastKnownFileType = image.png; path = "YC_PhotoSelector_Video@2x.png"; sourceTree = "<group>"; };
		2F7F4B8D1F98A8EB00186FE2 /* YCPhotoSelectorCell.h */ = {isa = PBXFileReference; fileEncoding = 4; lastKnownFileType = sourcecode.c.h; path = YCPhotoSelectorCell.h; sourceTree = "<group>"; };
		2F7F4B8E1F98A8EB00186FE2 /* YCPhotoSelectorCell.m */ = {isa = PBXFileReference; fileEncoding = 4; lastKnownFileType = sourcecode.c.objc; path = YCPhotoSelectorCell.m; sourceTree = "<group>"; };
		2F7F4B8F1F98A8EB00186FE2 /* YCPhotoSelectorCell.xib */ = {isa = PBXFileReference; fileEncoding = 4; lastKnownFileType = file.xib; path = YCPhotoSelectorCell.xib; sourceTree = "<group>"; };
		2F7F4B901F98A8EB00186FE2 /* YCPhotoSelectorModel.h */ = {isa = PBXFileReference; fileEncoding = 4; lastKnownFileType = sourcecode.c.h; path = YCPhotoSelectorModel.h; sourceTree = "<group>"; };
		2F7F4B911F98A8EB00186FE2 /* YCPhotoSelectorModel.m */ = {isa = PBXFileReference; fileEncoding = 4; lastKnownFileType = sourcecode.c.objc; path = YCPhotoSelectorModel.m; sourceTree = "<group>"; };
		2F7F4B921F98A8EB00186FE2 /* YCPhotoSelectorVC.h */ = {isa = PBXFileReference; fileEncoding = 4; lastKnownFileType = sourcecode.c.h; path = YCPhotoSelectorVC.h; sourceTree = "<group>"; };
		2F7F4B931F98A8EB00186FE2 /* YCPhotoSelectorVC.m */ = {isa = PBXFileReference; fileEncoding = 4; lastKnownFileType = sourcecode.c.objc; path = YCPhotoSelectorVC.m; sourceTree = "<group>"; };
		2F7F4B941F98A8EB00186FE2 /* YCPhotoSelectorVC.xib */ = {isa = PBXFileReference; fileEncoding = 4; lastKnownFileType = file.xib; path = YCPhotoSelectorVC.xib; sourceTree = "<group>"; };
/* End PBXFileReference section */

/* Begin PBXFrameworksBuildPhase section */
		2F7F4B571F98A8BE00186FE2 /* Frameworks */ = {
			isa = PBXFrameworksBuildPhase;
			buildActionMask = 2147483647;
			files = (
			);
			runOnlyForDeploymentPostprocessing = 0;
		};
/* End PBXFrameworksBuildPhase section */

/* Begin PBXGroup section */
		2F7F4B511F98A8BE00186FE2 = {
			isa = PBXGroup;
			children = (
				2F7F4B5C1F98A8BE00186FE2 /* YCPhotoSelectorDemo-OC */,
				2F7F4B5B1F98A8BE00186FE2 /* Products */,
			);
			sourceTree = "<group>";
		};
		2F7F4B5B1F98A8BE00186FE2 /* Products */ = {
			isa = PBXGroup;
			children = (
				2F7F4B5A1F98A8BE00186FE2 /* YCPhotoSelectorDemo-OC.app */,
			);
			name = Products;
			sourceTree = "<group>";
		};
		2F7F4B5C1F98A8BE00186FE2 /* YCPhotoSelectorDemo-OC */ = {
			isa = PBXGroup;
			children = (
				2F7F4B731F98A8EB00186FE2 /* YCPhotoSelector */,
				2F7F4B5D1F98A8BE00186FE2 /* AppDelegate.h */,
				2F7F4B5E1F98A8BE00186FE2 /* AppDelegate.m */,
				2F7F4B601F98A8BE00186FE2 /* ViewController.h */,
				2F7F4B611F98A8BE00186FE2 /* ViewController.m */,
				2F7F4B631F98A8BE00186FE2 /* Main.storyboard */,
				2F7F4B661F98A8BE00186FE2 /* Assets.xcassets */,
				2F7F4B681F98A8BE00186FE2 /* LaunchScreen.storyboard */,
				2F7F4B6B1F98A8BE00186FE2 /* Info.plist */,
				2F7F4B6C1F98A8BE00186FE2 /* main.m */,
			);
			path = "YCPhotoSelectorDemo-OC";
			sourceTree = "<group>";
		};
		2F7F4B731F98A8EB00186FE2 /* YCPhotoSelector */ = {
			isa = PBXGroup;
			children = (
				2F7F4B891F98A8EB00186FE2 /* YCPhotoSelectorImage */,
				2F7F4B8C1F98A8EB00186FE2 /* YCPhotoSelectorVC */,
				2F7F4B7C1F98A8EB00186FE2 /* YCPhotoAssetVC */,
			);
			path = YCPhotoSelector;
			sourceTree = "<group>";
		};
		2F7F4B7C1F98A8EB00186FE2 /* YCPhotoAssetVC */ = {
			isa = PBXGroup;
			children = (
				2F7F4B851F98A8EB00186FE2 /* YCPhotoAssetVC.h */,
				2F7F4B861F98A8EB00186FE2 /* YCPhotoAssetVC.m */,
				2F7F4B871F98A8EB00186FE2 /* YCPhotoAssetVC.xib */,
				2F7F4B831F98A8EB00186FE2 /* YCPhotoAssetModel.h */,
				2F7F4B841F98A8EB00186FE2 /* YCPhotoAssetModel.m */,
				2F7F4B7D1F98A8EB00186FE2 /* YCPhotoAssetCell.h */,
				2F7F4B7E1F98A8EB00186FE2 /* YCPhotoAssetCell.m */,
				2F7F4B7F1F98A8EB00186FE2 /* YCPhotoAssetCell.xib */,
				2F7F4B801F98A8EB00186FE2 /* YCPhotoAssetFooterView.h */,
				2F7F4B811F98A8EB00186FE2 /* YCPhotoAssetFooterView.m */,
				2F7F4B821F98A8EB00186FE2 /* YCPhotoAssetFooterView.xib */,
			);
			path = YCPhotoAssetVC;
			sourceTree = "<group>";
		};
		2F7F4B891F98A8EB00186FE2 /* YCPhotoSelectorImage */ = {
			isa = PBXGroup;
			children = (
				2F7F4B8A1F98A8EB00186FE2 /* YC_PhotoSelector_Checked@2x.png */,
				2F7F4B8B1F98A8EB00186FE2 /* YC_PhotoSelector_Video@2x.png */,
			);
			path = YCPhotoSelectorImage;
			sourceTree = "<group>";
		};
		2F7F4B8C1F98A8EB00186FE2 /* YCPhotoSelectorVC */ = {
			isa = PBXGroup;
			children = (
				2F7F4B921F98A8EB00186FE2 /* YCPhotoSelectorVC.h */,
				2F7F4B931F98A8EB00186FE2 /* YCPhotoSelectorVC.m */,
				2F7F4B941F98A8EB00186FE2 /* YCPhotoSelectorVC.xib */,
				2F7F4B901F98A8EB00186FE2 /* YCPhotoSelectorModel.h */,
				2F7F4B911F98A8EB00186FE2 /* YCPhotoSelectorModel.m */,
				2F7F4B8D1F98A8EB00186FE2 /* YCPhotoSelectorCell.h */,
				2F7F4B8E1F98A8EB00186FE2 /* YCPhotoSelectorCell.m */,
				2F7F4B8F1F98A8EB00186FE2 /* YCPhotoSelectorCell.xib */,
			);
			path = YCPhotoSelectorVC;
			sourceTree = "<group>";
		};
/* End PBXGroup section */

/* Begin PBXNativeTarget section */
		2F7F4B591F98A8BE00186FE2 /* YCPhotoSelectorDemo-OC */ = {
			isa = PBXNativeTarget;
			buildConfigurationList = 2F7F4B701F98A8BE00186FE2 /* Build configuration list for PBXNativeTarget "YCPhotoSelectorDemo-OC" */;
			buildPhases = (
				2F7F4B561F98A8BE00186FE2 /* Sources */,
				2F7F4B571F98A8BE00186FE2 /* Frameworks */,
				2F7F4B581F98A8BE00186FE2 /* Resources */,
			);
			buildRules = (
			);
			dependencies = (
			);
			name = "YCPhotoSelectorDemo-OC";
			productName = "YCPhotoSelectorDemo-OC";
			productReference = 2F7F4B5A1F98A8BE00186FE2 /* YCPhotoSelectorDemo-OC.app */;
			productType = "com.apple.product-type.application";
		};
/* End PBXNativeTarget section */

/* Begin PBXProject section */
		2F7F4B521F98A8BE00186FE2 /* Project object */ = {
			isa = PBXProject;
			attributes = {
				LastUpgradeCheck = 0900;
				ORGANIZATIONNAME = YuChengGuo;
				TargetAttributes = {
					2F7F4B591F98A8BE00186FE2 = {
						CreatedOnToolsVersion = 9.0;
						ProvisioningStyle = Automatic;
					};
				};
			};
			buildConfigurationList = 2F7F4B551F98A8BE00186FE2 /* Build configuration list for PBXProject "YCPhotoSelectorDemo-OC" */;
			compatibilityVersion = "Xcode 8.0";
			developmentRegion = en;
			hasScannedForEncodings = 0;
			knownRegions = (
				en,
				Base,
			);
			mainGroup = 2F7F4B511F98A8BE00186FE2;
			productRefGroup = 2F7F4B5B1F98A8BE00186FE2 /* Products */;
			projectDirPath = "";
			projectRoot = "";
			targets = (
				2F7F4B591F98A8BE00186FE2 /* YCPhotoSelectorDemo-OC */,
			);
		};
/* End PBXProject section */

/* Begin PBXResourcesBuildPhase section */
		2F7F4B581F98A8BE00186FE2 /* Resources */ = {
			isa = PBXResourcesBuildPhase;
			buildActionMask = 2147483647;
			files = (
				2F7F4B6A1F98A8BE00186FE2 /* LaunchScreen.storyboard in Resources */,
				2F7F4B9C1F98A8EB00186FE2 /* YCPhotoAssetFooterView.xib in Resources */,
				2F7F4BA61F98A8EB00186FE2 /* YCPhotoSelectorVC.xib in Resources */,
				2F7F4B9F1F98A8EB00186FE2 /* YCPhotoAssetVC.xib in Resources */,
				2F7F4B671F98A8BE00186FE2 /* Assets.xcassets in Resources */,
				2F7F4BA31F98A8EB00186FE2 /* YCPhotoSelectorCell.xib in Resources */,
				2F7F4B651F98A8BE00186FE2 /* Main.storyboard in Resources */,
				2F7F4BA01F98A8EB00186FE2 /* YC_PhotoSelector_Checked@2x.png in Resources */,
				2F7F4BA11F98A8EB00186FE2 /* YC_PhotoSelector_Video@2x.png in Resources */,
				2F7F4B9A1F98A8EB00186FE2 /* YCPhotoAssetCell.xib in Resources */,
			);
			runOnlyForDeploymentPostprocessing = 0;
		};
/* End PBXResourcesBuildPhase section */

/* Begin PBXSourcesBuildPhase section */
		2F7F4B561F98A8BE00186FE2 /* Sources */ = {
			isa = PBXSourcesBuildPhase;
			buildActionMask = 2147483647;
			files = (
				2F7F4B9B1F98A8EB00186FE2 /* YCPhotoAssetFooterView.m in Sources */,
				2F7F4B621F98A8BE00186FE2 /* ViewController.m in Sources */,
				2F7F4B6D1F98A8BE00186FE2 /* main.m in Sources */,
				2F7F4B5F1F98A8BE00186FE2 /* AppDelegate.m in Sources */,
				2F7F4BA41F98A8EB00186FE2 /* YCPhotoSelectorModel.m in Sources */,
				2F7F4B9E1F98A8EB00186FE2 /* YCPhotoAssetVC.m in Sources */,
				2F7F4BA51F98A8EB00186FE2 /* YCPhotoSelectorVC.m in Sources */,
				2F7F4B991F98A8EB00186FE2 /* YCPhotoAssetCell.m in Sources */,
				2F7F4B9D1F98A8EB00186FE2 /* YCPhotoAssetModel.m in Sources */,
				2F7F4BA21F98A8EB00186FE2 /* YCPhotoSelectorCell.m in Sources */,
			);
			runOnlyForDeploymentPostprocessing = 0;
		};
/* End PBXSourcesBuildPhase section */

/* Begin PBXVariantGroup section */
		2F7F4B631F98A8BE00186FE2 /* Main.storyboard */ = {
			isa = PBXVariantGroup;
			children = (
				2F7F4B641F98A8BE00186FE2 /* Base */,
			);
			name = Main.storyboard;
			sourceTree = "<group>";
		};
		2F7F4B681F98A8BE00186FE2 /* LaunchScreen.storyboard */ = {
			isa = PBXVariantGroup;
			children = (
				2F7F4B691F98A8BE00186FE2 /* Base */,
			);
			name = LaunchScreen.storyboard;
			sourceTree = "<group>";
		};
/* End PBXVariantGroup section */

/* Begin XCBuildConfiguration section */
		2F7F4B6E1F98A8BE00186FE2 /* Debug */ = {
			isa = XCBuildConfiguration;
			buildSettings = {
				ALWAYS_SEARCH_USER_PATHS = NO;
				CLANG_ANALYZER_NONNULL = YES;
				CLANG_ANALYZER_NUMBER_OBJECT_CONVERSION = YES_AGGRESSIVE;
				CLANG_CXX_LANGUAGE_STANDARD = "gnu++14";
				CLANG_CXX_LIBRARY = "libc++";
				CLANG_ENABLE_MODULES = YES;
				CLANG_ENABLE_OBJC_ARC = YES;
				CLANG_WARN_BLOCK_CAPTURE_AUTORELEASING = YES;
				CLANG_WARN_BOOL_CONVERSION = YES;
				CLANG_WARN_COMMA = YES;
				CLANG_WARN_CONSTANT_CONVERSION = YES;
				CLANG_WARN_DIRECT_OBJC_ISA_USAGE = YES_ERROR;
				CLANG_WARN_DOCUMENTATION_COMMENTS = YES;
				CLANG_WARN_EMPTY_BODY = YES;
				CLANG_WARN_ENUM_CONVERSION = YES;
				CLANG_WARN_INFINITE_RECURSION = YES;
				CLANG_WARN_INT_CONVERSION = YES;
				CLANG_WARN_NON_LITERAL_NULL_CONVERSION = YES;
				CLANG_WARN_OBJC_LITERAL_CONVERSION = YES;
				CLANG_WARN_OBJC_ROOT_CLASS = YES_ERROR;
				CLANG_WARN_RANGE_LOOP_ANALYSIS = YES;
				CLANG_WARN_STRICT_PROTOTYPES = YES;
				CLANG_WARN_SUSPICIOUS_MOVE = YES;
				CLANG_WARN_UNGUARDED_AVAILABILITY = YES_AGGRESSIVE;
				CLANG_WARN_UNREACHABLE_CODE = YES;
				CLANG_WARN__DUPLICATE_METHOD_MATCH = YES;
				CODE_SIGN_IDENTITY = "iPhone Developer";
				COPY_PHASE_STRIP = NO;
				DEBUG_INFORMATION_FORMAT = dwarf;
				ENABLE_STRICT_OBJC_MSGSEND = YES;
				ENABLE_TESTABILITY = YES;
				GCC_C_LANGUAGE_STANDARD = gnu11;
				GCC_DYNAMIC_NO_PIC = NO;
				GCC_NO_COMMON_BLOCKS = YES;
				GCC_OPTIMIZATION_LEVEL = 0;
				GCC_PREPROCESSOR_DEFINITIONS = (
					"DEBUG=1",
					"$(inherited)",
				);
				GCC_WARN_64_TO_32_BIT_CONVERSION = YES;
				GCC_WARN_ABOUT_RETURN_TYPE = YES_ERROR;
				GCC_WARN_UNDECLARED_SELECTOR = YES;
				GCC_WARN_UNINITIALIZED_AUTOS = YES_AGGRESSIVE;
				GCC_WARN_UNUSED_FUNCTION = YES;
				GCC_WARN_UNUSED_VARIABLE = YES;
				IPHONEOS_DEPLOYMENT_TARGET = 11.0;
				MTL_ENABLE_DEBUG_INFO = YES;
				ONLY_ACTIVE_ARCH = YES;
				SDKROOT = iphoneos;
			};
			name = Debug;
		};
		2F7F4B6F1F98A8BE00186FE2 /* Release */ = {
			isa = XCBuildConfiguration;
			buildSettings = {
				ALWAYS_SEARCH_USER_PATHS = NO;
				CLANG_ANALYZER_NONNULL = YES;
				CLANG_ANALYZER_NUMBER_OBJECT_CONVERSION = YES_AGGRESSIVE;
				CLANG_CXX_LANGUAGE_STANDARD = "gnu++14";
				CLANG_CXX_LIBRARY = "libc++";
				CLANG_ENABLE_MODULES = YES;
				CLANG_ENABLE_OBJC_ARC = YES;
				CLANG_WARN_BLOCK_CAPTURE_AUTORELEASING = YES;
				CLANG_WARN_BOOL_CONVERSION = YES;
				CLANG_WARN_COMMA = YES;
				CLANG_WARN_CONSTANT_CONVERSION = YES;
				CLANG_WARN_DIRECT_OBJC_ISA_USAGE = YES_ERROR;
				CLANG_WARN_DOCUMENTATION_COMMENTS = YES;
				CLANG_WARN_EMPTY_BODY = YES;
				CLANG_WARN_ENUM_CONVERSION = YES;
				CLANG_WARN_INFINITE_RECURSION = YES;
				CLANG_WARN_INT_CONVERSION = YES;
				CLANG_WARN_NON_LITERAL_NULL_CONVERSION = YES;
				CLANG_WARN_OBJC_LITERAL_CONVERSION = YES;
				CLANG_WARN_OBJC_ROOT_CLASS = YES_ERROR;
				CLANG_WARN_RANGE_LOOP_ANALYSIS = YES;
				CLANG_WARN_STRICT_PROTOTYPES = YES;
				CLANG_WARN_SUSPICIOUS_MOVE = YES;
				CLANG_WARN_UNGUARDED_AVAILABILITY = YES_AGGRESSIVE;
				CLANG_WARN_UNREACHABLE_CODE = YES;
				CLANG_WARN__DUPLICATE_METHOD_MATCH = YES;
				CODE_SIGN_IDENTITY = "iPhone Developer";
				COPY_PHASE_STRIP = NO;
				DEBUG_INFORMATION_FORMAT = "dwarf-with-dsym";
				ENABLE_NS_ASSERTIONS = NO;
				ENABLE_STRICT_OBJC_MSGSEND = YES;
				GCC_C_LANGUAGE_STANDARD = gnu11;
				GCC_NO_COMMON_BLOCKS = YES;
				GCC_WARN_64_TO_32_BIT_CONVERSION = YES;
				GCC_WARN_ABOUT_RETURN_TYPE = YES_ERROR;
				GCC_WARN_UNDECLARED_SELECTOR = YES;
				GCC_WARN_UNINITIALIZED_AUTOS = YES_AGGRESSIVE;
				GCC_WARN_UNUSED_FUNCTION = YES;
				GCC_WARN_UNUSED_VARIABLE = YES;
				IPHONEOS_DEPLOYMENT_TARGET = 11.0;
				MTL_ENABLE_DEBUG_INFO = NO;
				SDKROOT = iphoneos;
				VALIDATE_PRODUCT = YES;
			};
			name = Release;
		};
		2F7F4B711F98A8BE00186FE2 /* Debug */ = {
			isa = XCBuildConfiguration;
			buildSettings = {
				ASSETCATALOG_COMPILER_APPICON_NAME = AppIcon;
				CODE_SIGN_STYLE = Automatic;
				DEVELOPMENT_TEAM = XZ557WUPWQ;
				INFOPLIST_FILE = "YCPhotoSelectorDemo-OC/Info.plist";
				IPHONEOS_DEPLOYMENT_TARGET = 8.0;
				LD_RUNPATH_SEARCH_PATHS = "$(inherited) @executable_path/Frameworks";
				PRODUCT_BUNDLE_IDENTIFIER = "com.ycg.YCPhotoSelectorDemo-OC";
				PRODUCT_NAME = "$(TARGET_NAME)";
				TARGETED_DEVICE_FAMILY = "1,2";
			};
			name = Debug;
		};
		2F7F4B721F98A8BE00186FE2 /* Release */ = {
			isa = XCBuildConfiguration;
			buildSettings = {
				ASSETCATALOG_COMPILER_APPICON_NAME = AppIcon;
				CODE_SIGN_STYLE = Automatic;
				DEVELOPMENT_TEAM = XZ557WUPWQ;
				INFOPLIST_FILE = "YCPhotoSelectorDemo-OC/Info.plist";
				IPHONEOS_DEPLOYMENT_TARGET = 8.0;
				LD_RUNPATH_SEARCH_PATHS = "$(inherited) @executable_path/Frameworks";
				PRODUCT_BUNDLE_IDENTIFIER = "com.ycg.YCPhotoSelectorDemo-OC";
				PRODUCT_NAME = "$(TARGET_NAME)";
				TARGETED_DEVICE_FAMILY = "1,2";
			};
			name = Release;
		};
/* End XCBuildConfiguration section */

/* Begin XCConfigurationList section */
		2F7F4B551F98A8BE00186FE2 /* Build configuration list for PBXProject "YCPhotoSelectorDemo-OC" */ = {
			isa = XCConfigurationList;
			buildConfigurations = (
				2F7F4B6E1F98A8BE00186FE2 /* Debug */,
				2F7F4B6F1F98A8BE00186FE2 /* Release */,
			);
			defaultConfigurationIsVisible = 0;
			defaultConfigurationName = Release;
		};
		2F7F4B701F98A8BE00186FE2 /* Build configuration list for PBXNativeTarget "YCPhotoSelectorDemo-OC" */ = {
			isa = XCConfigurationList;
			buildConfigurations = (
				2F7F4B711F98A8BE00186FE2 /* Debug */,
				2F7F4B721F98A8BE00186FE2 /* Release */,
			);
			defaultConfigurationIsVisible = 0;
			defaultConfigurationName = Release;
		};
/* End XCConfigurationList section */
	};
	rootObject = 2F7F4B521F98A8BE00186FE2 /* Project object */;
}
